
Microsoft Visual Studio Solution File, Format Version 12.00
# Visual Studio Version 17
VisualStudioVersion = 17.7.34003.232
MinimumVisualStudioVersion = 10.0.40219.1
Project("{FAE04EC0-301F-11D3-BF4B-00C04F79EFBC}") = "C# - 03_Entrada_Saída_Operadores (Atividades - 2).", "..\C# - 03_Entrada_Saída_Operadores (Atividades - 2)\C# - 03_Entrada_Saída_Operadores (Atividades - 2)..csproj", "{F5214539-9487-4FCC-979B-01836811304F}"
EndProject
Global
	GlobalSection(SolutionConfigurationPlatforms) = preSolution
		Debug|Any CPU = Debug|Any CPU
		Release|Any CPU = Release|Any CPU
	EndGlobalSection
	GlobalSection(ProjectConfigurationPlatforms) = postSolution
		{F5214539-9487-4FCC-979B-01836811304F}.Debug|Any CPU.ActiveCfg = Debug|Any CPU
		{F5214539-9487-4FCC-979B-01836811304F}.Debug|Any CPU.Build.0 = Debug|Any CPU
		{F5214539-9487-4FCC-979B-01836811304F}.Release|Any CPU.ActiveCfg = Release|Any CPU
		{F5214539-9487-4FCC-979B-01836811304F}.Release|Any CPU.Build.0 = Release|Any CPU
	EndGlobalSection
	GlobalSection(SolutionProperties) = preSolution
		HideSolutionNode = FALSE
	EndGlobalSection
	GlobalSection(ExtensibilityGlobals) = postSolution
		SolutionGuid = {A8253CB9-6738-4EDC-85D8-D52860816352}
	EndGlobalSection
EndGlobal
