
Microsoft Visual Studio Solution File, Format Version 12.00
# Visual Studio Version 17
VisualStudioVersion = 17.7.34003.232
MinimumVisualStudioVersion = 10.0.40219.1
Project("{FAE04EC0-301F-11D3-BF4B-00C04F79EFBC}") = "C# - 03_Entrada_Saída_Operadores (Atividade - 3)", "C# - 03_Entrada_Saída_Operadores (Atividade - 3).csproj", "{94FE9E94-60F1-4100-8BFE-DF90FACE97DF}"
EndProject
Global
	GlobalSection(SolutionConfigurationPlatforms) = preSolution
		Debug|Any CPU = Debug|Any CPU
		Release|Any CPU = Release|Any CPU
	EndGlobalSection
	GlobalSection(ProjectConfigurationPlatforms) = postSolution
		{94FE9E94-60F1-4100-8BFE-DF90FACE97DF}.Debug|Any CPU.ActiveCfg = Debug|Any CPU
		{94FE9E94-60F1-4100-8BFE-DF90FACE97DF}.Debug|Any CPU.Build.0 = Debug|Any CPU
		{94FE9E94-60F1-4100-8BFE-DF90FACE97DF}.Release|Any CPU.ActiveCfg = Release|Any CPU
		{94FE9E94-60F1-4100-8BFE-DF90FACE97DF}.Release|Any CPU.Build.0 = Release|Any CPU
	EndGlobalSection
	GlobalSection(SolutionProperties) = preSolution
		HideSolutionNode = FALSE
	EndGlobalSection
	GlobalSection(ExtensibilityGlobals) = postSolution
		SolutionGuid = {8A23DE12-BD0E-47E0-807F-ADEC05E59336}
	EndGlobalSection
EndGlobal
